Microsoft Visual Studio Solution File, Format Version 12.00
# Visual Studio Version 17
VisualStudioVersion = 17.5.2.0
MinimumVisualStudioVersion = 10.0.40219.1
Project("{2150E333-8FDC-42A3-9474-1A3956D46DE8}") = "reservo-backend-dotnet", "reservo-backend-dotnet", "{ADB4A0FD-7CB0-F858-F053-7A84BED04AA0}"
EndProject
Project("{FAE04EC0-301F-11D3-BF4B-00C04F79EFBC}") = "ReservoBackend", "reservo-backend-dotnet\ReservoBackend.csproj", "{3EBFC047-AA77-C2AD-FE9B-37AC13F5FFB6}"
EndProject
Global
	GlobalSection(SolutionConfigurationPlatforms) = preSolution
		Debug|Any CPU = Debug|Any CPU
		Release|Any CPU = Release|Any CPU
	EndGlobalSection
	GlobalSection(ProjectConfigurationPlatforms) = postSolution
		{3EBFC047-AA77-C2AD-FE9B-37AC13F5FFB6}.Debug|Any CPU.ActiveCfg = Debug|Any CPU
		{3EBFC047-AA77-C2AD-FE9B-37AC13F5FFB6}.Debug|Any CPU.Build.0 = Debug|Any CPU
		{3EBFC047-AA77-C2AD-FE9B-37AC13F5FFB6}.Release|Any CPU.ActiveCfg = Release|Any CPU
		{3EBFC047-AA77-C2AD-FE9B-37AC13F5FFB6}.Release|Any CPU.Build.0 = Release|Any CPU
	EndGlobalSection
	GlobalSection(SolutionProperties) = preSolution
		HideSolutionNode = FALSE
	EndGlobalSection
	GlobalSection(NestedProjects) = preSolution
		{3EBFC047-AA77-C2AD-FE9B-37AC13F5FFB6} = {ADB4A0FD-7CB0-F858-F053-7A84BED04AA0}
	EndGlobalSection
	GlobalSection(ExtensibilityGlobals) = postSolution
		SolutionGuid = {91E5F80F-F9AB-4802-BEA7-9C18E0815B32}
	EndGlobalSection
EndGlobal
